
Microsoft Visual Studio Solution File, Format Version 12.00
# Visual Studio Version 17
VisualStudioVersion = 17.4.33213.308
MinimumVisualStudioVersion = 10.0.40219.1
Project("{FAE04EC0-301F-11D3-BF4B-00C04F79EFBC}") = "Harjoitus 9 osa1", "Harjoitus 9 osa1\Harjoitus 9 osa1.csproj", "{A5ADB035-BCC7-4E9F-8685-FDDAE4F6FF09}"
EndProject
Global
	GlobalSection(SolutionConfigurationPlatforms) = preSolution
		Debug|Any CPU = Debug|Any CPU
		Release|Any CPU = Release|Any CPU
	EndGlobalSection
	GlobalSection(ProjectConfigurationPlatforms) = postSolution
		{A5ADB035-BCC7-4E9F-8685-FDDAE4F6FF09}.Debug|Any CPU.ActiveCfg = Debug|Any CPU
		{A5ADB035-BCC7-4E9F-8685-FDDAE4F6FF09}.Debug|Any CPU.Build.0 = Debug|Any CPU
		{A5ADB035-BCC7-4E9F-8685-FDDAE4F6FF09}.Release|Any CPU.ActiveCfg = Release|Any CPU
		{A5ADB035-BCC7-4E9F-8685-FDDAE4F6FF09}.Release|Any CPU.Build.0 = Release|Any CPU
	EndGlobalSection
	GlobalSection(SolutionProperties) = preSolution
		HideSolutionNode = FALSE
	EndGlobalSection
	GlobalSection(ExtensibilityGlobals) = postSolution
		SolutionGuid = {0DB9AB8B-0C57-4A90-BCA6-CEE62CE5CF32}
	EndGlobalSection
EndGlobal
