
Microsoft Visual Studio Solution File, Format Version 12.00
# Visual Studio Version 17
VisualStudioVersion = 17.4.33213.308
MinimumVisualStudioVersion = 10.0.40219.1
Project("{FAE04EC0-301F-11D3-BF4B-00C04F79EFBC}") = "Harjoitus14", "Harjoitus14\Harjoitus14.csproj", "{A62ECC0C-FB28-4112-9DD6-EBCB01A2B352}"
EndProject
Global
	GlobalSection(SolutionConfigurationPlatforms) = preSolution
		Debug|Any CPU = Debug|Any CPU
		Release|Any CPU = Release|Any CPU
	EndGlobalSection
	GlobalSection(ProjectConfigurationPlatforms) = postSolution
		{A62ECC0C-FB28-4112-9DD6-EBCB01A2B352}.Debug|Any CPU.ActiveCfg = Debug|Any CPU
		{A62ECC0C-FB28-4112-9DD6-EBCB01A2B352}.Debug|Any CPU.Build.0 = Debug|Any CPU
		{A62ECC0C-FB28-4112-9DD6-EBCB01A2B352}.Release|Any CPU.ActiveCfg = Release|Any CPU
		{A62ECC0C-FB28-4112-9DD6-EBCB01A2B352}.Release|Any CPU.Build.0 = Release|Any CPU
	EndGlobalSection
	GlobalSection(SolutionProperties) = preSolution
		HideSolutionNode = FALSE
	EndGlobalSection
	GlobalSection(ExtensibilityGlobals) = postSolution
		SolutionGuid = {6DDA09B4-3CDF-4690-9115-60EA478C18C6}
	EndGlobalSection
EndGlobal
