
Microsoft Visual Studio Solution File, Format Version 12.00
# Visual Studio Version 17
VisualStudioVersion = 17.4.33213.308
MinimumVisualStudioVersion = 10.0.40219.1
Project("{FAE04EC0-301F-11D3-BF4B-00C04F79EFBC}") = "Harjoitus 8", "Harjoitus 8\Harjoitus 8.csproj", "{8B443369-6E1A-457D-AC64-19E0893E15B5}"
EndProject
Global
	GlobalSection(SolutionConfigurationPlatforms) = preSolution
		Debug|Any CPU = Debug|Any CPU
		Release|Any CPU = Release|Any CPU
	EndGlobalSection
	GlobalSection(ProjectConfigurationPlatforms) = postSolution
		{8B443369-6E1A-457D-AC64-19E0893E15B5}.Debug|Any CPU.ActiveCfg = Debug|Any CPU
		{8B443369-6E1A-457D-AC64-19E0893E15B5}.Debug|Any CPU.Build.0 = Debug|Any CPU
		{8B443369-6E1A-457D-AC64-19E0893E15B5}.Release|Any CPU.ActiveCfg = Release|Any CPU
		{8B443369-6E1A-457D-AC64-19E0893E15B5}.Release|Any CPU.Build.0 = Release|Any CPU
	EndGlobalSection
	GlobalSection(SolutionProperties) = preSolution
		HideSolutionNode = FALSE
	EndGlobalSection
	GlobalSection(ExtensibilityGlobals) = postSolution
		SolutionGuid = {5F538717-7765-4337-B75A-01CEA12A5C72}
	EndGlobalSection
EndGlobal
