
Microsoft Visual Studio Solution File, Format Version 12.00
# Visual Studio Version 17
VisualStudioVersion = 17.4.33213.308
MinimumVisualStudioVersion = 10.0.40219.1
Project("{FAE04EC0-301F-11D3-BF4B-00C04F79EFBC}") = "Harjoitus21", "Harjoitus21\Harjoitus21.csproj", "{CA3A8778-C986-41CA-9E20-8078A2BE66A4}"
EndProject
Global
	GlobalSection(SolutionConfigurationPlatforms) = preSolution
		Debug|Any CPU = Debug|Any CPU
		Release|Any CPU = Release|Any CPU
	EndGlobalSection
	GlobalSection(ProjectConfigurationPlatforms) = postSolution
		{CA3A8778-C986-41CA-9E20-8078A2BE66A4}.Debug|Any CPU.ActiveCfg = Debug|Any CPU
		{CA3A8778-C986-41CA-9E20-8078A2BE66A4}.Debug|Any CPU.Build.0 = Debug|Any CPU
		{CA3A8778-C986-41CA-9E20-8078A2BE66A4}.Release|Any CPU.ActiveCfg = Release|Any CPU
		{CA3A8778-C986-41CA-9E20-8078A2BE66A4}.Release|Any CPU.Build.0 = Release|Any CPU
	EndGlobalSection
	GlobalSection(SolutionProperties) = preSolution
		HideSolutionNode = FALSE
	EndGlobalSection
	GlobalSection(ExtensibilityGlobals) = postSolution
		SolutionGuid = {89A89EA6-1540-48AF-9D60-68AFD1CB463B}
	EndGlobalSection
EndGlobal
