
Microsoft Visual Studio Solution File, Format Version 12.00
# Visual Studio Version 17
VisualStudioVersion = 17.4.33213.308
MinimumVisualStudioVersion = 10.0.40219.1
Project("{FAE04EC0-301F-11D3-BF4B-00C04F79EFBC}") = "WPFsovellukset  laskin 18", "WPFsovellukset  laskin 18\WPFsovellukset  laskin 18.csproj", "{8BC8722B-CB6C-4C1A-8A73-C891F5A6E438}"
EndProject
Global
	GlobalSection(SolutionConfigurationPlatforms) = preSolution
		Debug|Any CPU = Debug|Any CPU
		Release|Any CPU = Release|Any CPU
	EndGlobalSection
	GlobalSection(ProjectConfigurationPlatforms) = postSolution
		{8BC8722B-CB6C-4C1A-8A73-C891F5A6E438}.Debug|Any CPU.ActiveCfg = Debug|Any CPU
		{8BC8722B-CB6C-4C1A-8A73-C891F5A6E438}.Debug|Any CPU.Build.0 = Debug|Any CPU
		{8BC8722B-CB6C-4C1A-8A73-C891F5A6E438}.Release|Any CPU.ActiveCfg = Release|Any CPU
		{8BC8722B-CB6C-4C1A-8A73-C891F5A6E438}.Release|Any CPU.Build.0 = Release|Any CPU
	EndGlobalSection
	GlobalSection(SolutionProperties) = preSolution
		HideSolutionNode = FALSE
	EndGlobalSection
	GlobalSection(ExtensibilityGlobals) = postSolution
		SolutionGuid = {55FB5754-901C-4C40-99BB-7CFBDCF88137}
	EndGlobalSection
EndGlobal
