
Microsoft Visual Studio Solution File, Format Version 12.00
# Visual Studio Version 17
VisualStudioVersion = 17.4.33213.308
MinimumVisualStudioVersion = 10.0.40219.1
Project("{FAE04EC0-301F-11D3-BF4B-00C04F79EFBC}") = "Harjoitus 18", "Harjoitus 18\Harjoitus 18.csproj", "{1AF100EC-3771-4F57-94A2-265921087A9B}"
EndProject
Global
	GlobalSection(SolutionConfigurationPlatforms) = preSolution
		Debug|Any CPU = Debug|Any CPU
		Release|Any CPU = Release|Any CPU
	EndGlobalSection
	GlobalSection(ProjectConfigurationPlatforms) = postSolution
		{1AF100EC-3771-4F57-94A2-265921087A9B}.Debug|Any CPU.ActiveCfg = Debug|Any CPU
		{1AF100EC-3771-4F57-94A2-265921087A9B}.Debug|Any CPU.Build.0 = Debug|Any CPU
		{1AF100EC-3771-4F57-94A2-265921087A9B}.Release|Any CPU.ActiveCfg = Release|Any CPU
		{1AF100EC-3771-4F57-94A2-265921087A9B}.Release|Any CPU.Build.0 = Release|Any CPU
	EndGlobalSection
	GlobalSection(SolutionProperties) = preSolution
		HideSolutionNode = FALSE
	EndGlobalSection
	GlobalSection(ExtensibilityGlobals) = postSolution
		SolutionGuid = {DEF73AC3-FAF1-4D54-B7AE-A7814B9CB5C2}
	EndGlobalSection
EndGlobal
