
Microsoft Visual Studio Solution File, Format Version 12.00
# Visual Studio Version 17
VisualStudioVersion = 17.4.33213.308
MinimumVisualStudioVersion = 10.0.40219.1
Project("{FAE04EC0-301F-11D3-BF4B-00C04F79EFBC}") = "Harjoitus 1", "Harjoitus 1\Harjoitus 1.csproj", "{C49855A8-B00A-4D88-8EE0-E40B0E4A64A9}"
EndProject
Global
	GlobalSection(SolutionConfigurationPlatforms) = preSolution
		Debug|Any CPU = Debug|Any CPU
		Release|Any CPU = Release|Any CPU
	EndGlobalSection
	GlobalSection(ProjectConfigurationPlatforms) = postSolution
		{C49855A8-B00A-4D88-8EE0-E40B0E4A64A9}.Debug|Any CPU.ActiveCfg = Debug|Any CPU
		{C49855A8-B00A-4D88-8EE0-E40B0E4A64A9}.Debug|Any CPU.Build.0 = Debug|Any CPU
		{C49855A8-B00A-4D88-8EE0-E40B0E4A64A9}.Release|Any CPU.ActiveCfg = Release|Any CPU
		{C49855A8-B00A-4D88-8EE0-E40B0E4A64A9}.Release|Any CPU.Build.0 = Release|Any CPU
	EndGlobalSection
	GlobalSection(SolutionProperties) = preSolution
		HideSolutionNode = FALSE
	EndGlobalSection
	GlobalSection(ExtensibilityGlobals) = postSolution
		SolutionGuid = {8675903C-BC81-4998-9BE6-BECD3BC0E969}
	EndGlobalSection
EndGlobal
