
Microsoft Visual Studio Solution File, Format Version 12.00
# Visual Studio Version 17
VisualStudioVersion = 17.4.33213.308
MinimumVisualStudioVersion = 10.0.40219.1
Project("{FAE04EC0-301F-11D3-BF4B-00C04F79EFBC}") = "Harjoitus 4", "Harjoitus 4\Harjoitus 4.csproj", "{EE34DF4F-A270-4AA6-AC56-888E85E11FE0}"
EndProject
Global
	GlobalSection(SolutionConfigurationPlatforms) = preSolution
		Debug|Any CPU = Debug|Any CPU
		Release|Any CPU = Release|Any CPU
	EndGlobalSection
	GlobalSection(ProjectConfigurationPlatforms) = postSolution
		{EE34DF4F-A270-4AA6-AC56-888E85E11FE0}.Debug|Any CPU.ActiveCfg = Debug|Any CPU
		{EE34DF4F-A270-4AA6-AC56-888E85E11FE0}.Debug|Any CPU.Build.0 = Debug|Any CPU
		{EE34DF4F-A270-4AA6-AC56-888E85E11FE0}.Release|Any CPU.ActiveCfg = Release|Any CPU
		{EE34DF4F-A270-4AA6-AC56-888E85E11FE0}.Release|Any CPU.Build.0 = Release|Any CPU
	EndGlobalSection
	GlobalSection(SolutionProperties) = preSolution
		HideSolutionNode = FALSE
	EndGlobalSection
	GlobalSection(ExtensibilityGlobals) = postSolution
		SolutionGuid = {6FEBE749-3832-42C4-AFB1-013568B6A8E3}
	EndGlobalSection
EndGlobal
