
Microsoft Visual Studio Solution File, Format Version 12.00
# Visual Studio Version 17
VisualStudioVersion = 17.4.33213.308
MinimumVisualStudioVersion = 10.0.40219.1
Project("{FAE04EC0-301F-11D3-BF4B-00C04F79EFBC}") = "Harjoitus19", "Harjoitus19\Harjoitus19.csproj", "{5667D99D-F82E-4EAC-999C-D6B03F8681A4}"
EndProject
Global
	GlobalSection(SolutionConfigurationPlatforms) = preSolution
		Debug|Any CPU = Debug|Any CPU
		Release|Any CPU = Release|Any CPU
	EndGlobalSection
	GlobalSection(ProjectConfigurationPlatforms) = postSolution
		{5667D99D-F82E-4EAC-999C-D6B03F8681A4}.Debug|Any CPU.ActiveCfg = Debug|Any CPU
		{5667D99D-F82E-4EAC-999C-D6B03F8681A4}.Debug|Any CPU.Build.0 = Debug|Any CPU
		{5667D99D-F82E-4EAC-999C-D6B03F8681A4}.Release|Any CPU.ActiveCfg = Release|Any CPU
		{5667D99D-F82E-4EAC-999C-D6B03F8681A4}.Release|Any CPU.Build.0 = Release|Any CPU
	EndGlobalSection
	GlobalSection(SolutionProperties) = preSolution
		HideSolutionNode = FALSE
	EndGlobalSection
	GlobalSection(ExtensibilityGlobals) = postSolution
		SolutionGuid = {DA55127C-2660-4A99-9276-BE336B6B8910}
	EndGlobalSection
EndGlobal
